schema: '2.0'
stages:
  prepare:
    cmd: python3.12 src/prepare.py data/raw data/prepared
    deps:
    - path: data/raw
      hash: md5
      md5: 6d8f0c274829764e1ea1112420825014.dir
      size: 8822930
      nfiles: 1605
    - path: src/prepare.py
      hash: md5
      md5: d4f3312976ced5ace2cdab70239d544a
      size: 2514
    - path: src/utils/seed.py
      hash: md5
      md5: 3a792a2e3aece6c04c2756bc133a5cd1
      size: 438
    params:
      params.yaml:
        prepare:
          seed: 77
          split: 0.2
          image_size:
          - 32
          - 32
          grayscale: true
    outs:
    - path: data/prepared
      hash: md5
      md5: eb1161175e8b0f0157ebb00c229ea05a.dir
      size: 6619317
      nfiles: 8
  train:
    cmd: python3.12 src/train.py data/prepared model
    deps:
    - path: data/prepared
      hash: md5
      md5: eb1161175e8b0f0157ebb00c229ea05a.dir
      size: 6619317
      nfiles: 8
    - path: src/train.py
      hash: md5
      md5: 7e5fb091cae511b7a2cc365cff38077e
      size: 2568
    - path: src/utils/seed.py
      hash: md5
      md5: 3a792a2e3aece6c04c2756bc133a5cd1
      size: 438
    params:
      params.yaml:
        train:
          seed: 77
          lr: 0.0001
          epochs: 8
          conv_size: 32
          dense_size: 64
          output_classes: 11
    outs:
    - path: model
      hash: md5
      md5: 93d1c948138eadfa9752888d0ebb7b46.dir
      size: 2501848
      nfiles: 2
  evaluate:
    cmd: python3.12 src/evaluate.py model data/prepared
    deps:
    - path: model
      hash: md5
      md5: 93d1c948138eadfa9752888d0ebb7b46.dir
      size: 2501848
      nfiles: 2
    - path: src/evaluate.py
      hash: md5
      md5: 3ac2043eb143889a0abce9b9758bbc16
      size: 5187
    outs:
    - path: evaluation/metrics.json
      hash: md5
      md5: 0f26b07bb892dadadcb29b1feeae267e
      size: 63
    - path: evaluation/plots/confusion_matrix.png
      hash: md5
      md5: 46b6ae1ac579f7094080826db771344f
      size: 50604
    - path: evaluation/plots/pred_preview.png
      hash: md5
      md5: 77d86099eabe40ad65dd5af244b5dbdc
      size: 43250
    - path: evaluation/plots/training_history.png
      hash: md5
      md5: 03a13f9b00d5790d99b1957a52aec3d2
      size: 39172
