schema: '2.0'
stages:
  prepare:
    cmd: python3.12 src/prepare.py data/raw data/prepared
    deps:
    - path: data/raw
      hash: md5
      md5: 6d8f0c274829764e1ea1112420825014.dir
      size: 8822930
      nfiles: 1605
    - path: src/prepare.py
      hash: md5
      md5: d4f3312976ced5ace2cdab70239d544a
      size: 2514
    - path: src/utils/seed.py
      hash: md5
      md5: 3a792a2e3aece6c04c2756bc133a5cd1
      size: 438
    params:
      params.yaml:
        prepare:
          seed: 77
          split: 0.2
          image_size:
          - 32
          - 32
          grayscale: true
    outs:
    - path: data/prepared
      hash: md5
      md5: eb1161175e8b0f0157ebb00c229ea05a.dir
      size: 6619317
      nfiles: 8
  train:
    cmd: python3.12 src/train.py data/prepared model
    deps:
    - path: data/prepared
      hash: md5
      md5: eb1161175e8b0f0157ebb00c229ea05a.dir
      size: 6619317
      nfiles: 8
    - path: src/train.py
      hash: md5
      md5: 7e5fb091cae511b7a2cc365cff38077e
      size: 2568
    - path: src/utils/seed.py
      hash: md5
      md5: 3a792a2e3aece6c04c2756bc133a5cd1
      size: 438
    params:
      params.yaml:
        train:
          seed: 77
          lr: 0.001
          epochs: 9
          conv_size: 64
          dense_size: 128
          output_classes: 11
    outs:
    - path: model
      hash: md5
      md5: 6c37732be11c6d90b107e6b88d42aae3.dir
      size: 9887742
      nfiles: 2
  evaluate:
    cmd: python3.12 src/evaluate.py model data/prepared
    deps:
    - path: model
      hash: md5
      md5: 6c37732be11c6d90b107e6b88d42aae3.dir
      size: 9887742
      nfiles: 2
    - path: src/evaluate.py
      hash: md5
      md5: 3ac2043eb143889a0abce9b9758bbc16
      size: 5187
    outs:
    - path: evaluation/metrics.json
      hash: md5
      md5: 1a11eb9a8248df3ac1cdd7db30070e04
      size: 63
    - path: evaluation/plots/confusion_matrix.png
      hash: md5
      md5: 207b3ad4ad8f245980011bb9e77888c4
      size: 45533
    - path: evaluation/plots/pred_preview.png
      hash: md5
      md5: d7ff5ea6247fd41f4902dd699d693e9a
      size: 43556
    - path: evaluation/plots/training_history.png
      hash: md5
      md5: 2a64dd97bafd958c1a9ea42868348c4c
      size: 37830
